
Microsoft Visual Studio Solution File, Format Version 12.00
# Visual Studio Version 17
VisualStudioVersion = 17.9.34616.47
MinimumVisualStudioVersion = 10.0.40219.1
Project("{FAE04EC0-301F-11D3-BF4B-00C04F79EFBC}") = "Y9 computer science Cows and Bulls project", "Y9 computer science Cows and Bulls project\Y9 computer science Cows and Bulls project.csproj", "{D9651429-263A-495A-B636-CF2AD1BC8BA1}"
EndProject
Global
	GlobalSection(SolutionConfigurationPlatforms) = preSolution
		Debug|Any CPU = Debug|Any CPU
		Release|Any CPU = Release|Any CPU
	EndGlobalSection
	GlobalSection(ProjectConfigurationPlatforms) = postSolution
		{D9651429-263A-495A-B636-CF2AD1BC8BA1}.Debug|Any CPU.ActiveCfg = Debug|Any CPU
		{D9651429-263A-495A-B636-CF2AD1BC8BA1}.Debug|Any CPU.Build.0 = Debug|Any CPU
		{D9651429-263A-495A-B636-CF2AD1BC8BA1}.Release|Any CPU.ActiveCfg = Release|Any CPU
		{D9651429-263A-495A-B636-CF2AD1BC8BA1}.Release|Any CPU.Build.0 = Release|Any CPU
	EndGlobalSection
	GlobalSection(SolutionProperties) = preSolution
		HideSolutionNode = FALSE
	EndGlobalSection
	GlobalSection(ExtensibilityGlobals) = postSolution
		SolutionGuid = {C772F318-FF98-4A88-A044-0049B3518257}
	EndGlobalSection
EndGlobal
